{
    "name": "web-mess",
    "version": "1.0.0",
    "lockfileVersion": 2,
    "requires": true,
    "packages": {
        "": {
            "name": "web-mess",
            "dependencies": {
                "@babylonjs/core": "^5.1.0",
                "@babylonjs/gui": "^5.1.0",
                "monaco-editor": "^0.33.0"
            }
        },
        "node_modules/@babylonjs/core": {
            "version": "5.1.0",
            "resolved": "https://registry.npmjs.org/@babylonjs/core/-/core-5.1.0.tgz",
            "integrity": "sha512-yHC+k2pbpjcFOkhAFcXYLLv/WbXLZlPTVdOcC3/ExC+WlnsrmiulT26AhU8ghzZCcTpil3WsyTxqB0GYMtvwcA==",
            "dependencies": {
                "tslib": "^2.3.1"
            }
        },
        "node_modules/@babylonjs/gui": {
            "version": "5.1.0",
            "resolved": "https://registry.npmjs.org/@babylonjs/gui/-/gui-5.1.0.tgz",
            "integrity": "sha512-iIhEdgyM+fdV0Auo2Jzxjb/Ds0xu51ZKafPpE/qV02YKYjNKvmvOcuPeALMuUGYTik24VS9MWTobaorauaifrw==",
            "dependencies": {
                "@babylonjs/core": "^5.1.0",
                "tslib": "^2.3.1"
            }
        },
        "node_modules/monaco-editor": {
            "version": "0.33.0",
            "resolved": "https://registry.npmjs.org/monaco-editor/-/monaco-editor-0.33.0.tgz",
            "integrity": "sha512-VcRWPSLIUEgQJQIE0pVT8FcGBIgFoxz7jtqctE+IiCxWugD0DwgyQBcZBhdSrdMC84eumoqMZsGl2GTreOzwqw=="
        },
        "node_modules/tslib": {
            "version": "2.3.1",
            "resolved": "https://registry.npmjs.org/tslib/-/tslib-2.3.1.tgz",
            "integrity": "sha512-77EbyPPpMz+FRFRuAFlWMtmgUWGe9UOG2Z25NqCwiIjRhOf5iKGuzSe5P2w1laq+FkRy4p+PCuVkJSGkzTEKVw=="
        }
    },
    "dependencies": {
        "@babylonjs/core": {
            "version": "5.1.0",
            "resolved": "https://registry.npmjs.org/@babylonjs/core/-/core-5.1.0.tgz",
            "integrity": "sha512-yHC+k2pbpjcFOkhAFcXYLLv/WbXLZlPTVdOcC3/ExC+WlnsrmiulT26AhU8ghzZCcTpil3WsyTxqB0GYMtvwcA==",
            "requires": {
                "tslib": "^2.3.1"
            }
        },
        "@babylonjs/gui": {
            "version": "5.1.0",
            "resolved": "https://registry.npmjs.org/@babylonjs/gui/-/gui-5.1.0.tgz",
            "integrity": "sha512-iIhEdgyM+fdV0Auo2Jzxjb/Ds0xu51ZKafPpE/qV02YKYjNKvmvOcuPeALMuUGYTik24VS9MWTobaorauaifrw==",
            "requires": {
                "@babylonjs/core": "^5.1.0",
                "tslib": "^2.3.1"
            }
        },
        "monaco-editor": {
            "version": "0.33.0",
            "resolved": "https://registry.npmjs.org/monaco-editor/-/monaco-editor-0.33.0.tgz",
            "integrity": "sha512-VcRWPSLIUEgQJQIE0pVT8FcGBIgFoxz7jtqctE+IiCxWugD0DwgyQBcZBhdSrdMC84eumoqMZsGl2GTreOzwqw=="
        },
        "tslib": {
            "version": "2.3.1",
            "resolved": "https://registry.npmjs.org/tslib/-/tslib-2.3.1.tgz",
            "integrity": "sha512-77EbyPPpMz+FRFRuAFlWMtmgUWGe9UOG2Z25NqCwiIjRhOf5iKGuzSe5P2w1laq+FkRy4p+PCuVkJSGkzTEKVw=="
        }
    }
}
