{
    "name": "web-mess",
    "version": "1.0.0",
    "lockfileVersion": 2,
    "requires": true,
    "packages": {
        "": {
            "name": "web-mess",
            "dependencies": {
                "@babylonjs/core": "^5.0.0-beta.12",
                "monaco-editor": "^0.31.1"
            }
        },
        "node_modules/@babylonjs/core": {
            "version": "5.0.0-beta.12",
            "resolved": "https://registry.npmjs.org/@babylonjs/core/-/core-5.0.0-beta.12.tgz",
            "integrity": "sha512-YIXdlRI3CMCzbA7YRM80PLeDcQ/IcoXcKZByF6XR+I7PB3YX+WykFy/Zo26i0ZTuYaKVRQ4c6PJD6zAKhrq3jA==",
            "dependencies": {
                "tslib": "^2.3.1"
            },
            "engines": {
                "node": ">=12.x"
            }
        },
        "node_modules/monaco-editor": {
            "version": "0.31.1",
            "resolved": "https://registry.npmjs.org/monaco-editor/-/monaco-editor-0.31.1.tgz",
            "integrity": "sha512-FYPwxGZAeP6mRRyrr5XTGHD9gRXVjy7GUzF4IPChnyt3fS5WrNxIkS8DNujWf6EQy0Zlzpxw8oTVE+mWI2/D1Q=="
        },
        "node_modules/tslib": {
            "version": "2.3.1",
            "resolved": "https://registry.npmjs.org/tslib/-/tslib-2.3.1.tgz",
            "integrity": "sha512-77EbyPPpMz+FRFRuAFlWMtmgUWGe9UOG2Z25NqCwiIjRhOf5iKGuzSe5P2w1laq+FkRy4p+PCuVkJSGkzTEKVw=="
        }
    },
    "dependencies": {
        "@babylonjs/core": {
            "version": "5.0.0-beta.12",
            "resolved": "https://registry.npmjs.org/@babylonjs/core/-/core-5.0.0-beta.12.tgz",
            "integrity": "sha512-YIXdlRI3CMCzbA7YRM80PLeDcQ/IcoXcKZByF6XR+I7PB3YX+WykFy/Zo26i0ZTuYaKVRQ4c6PJD6zAKhrq3jA==",
            "requires": {
                "tslib": "^2.3.1"
            }
        },
        "monaco-editor": {
            "version": "0.31.1",
            "resolved": "https://registry.npmjs.org/monaco-editor/-/monaco-editor-0.31.1.tgz",
            "integrity": "sha512-FYPwxGZAeP6mRRyrr5XTGHD9gRXVjy7GUzF4IPChnyt3fS5WrNxIkS8DNujWf6EQy0Zlzpxw8oTVE+mWI2/D1Q=="
        },
        "tslib": {
            "version": "2.3.1",
            "resolved": "https://registry.npmjs.org/tslib/-/tslib-2.3.1.tgz",
            "integrity": "sha512-77EbyPPpMz+FRFRuAFlWMtmgUWGe9UOG2Z25NqCwiIjRhOf5iKGuzSe5P2w1laq+FkRy4p+PCuVkJSGkzTEKVw=="
        }
    }
}
